# This file is autogenerated, do not edit; changes may be undone by the next 'dep ensure'.


[[projects]]
  digest = "1:410face16c412b31e30bd42cf58beedf50119890df09854cc6dd72d1d5b7cb1c"
  name = "github.com/Unknwon/com"
  packages = ["."]
  pruneopts = "UT"
  revision = "0db4a625e949e956314d7d1adea9bf82384cc10c"

[[projects]]
  digest = "1:371b4f9122b238d0def2b01b89c52d14a35e3354d894b8e0e00f0ec9c5e7238a"
  name = "github.com/Unknwon/i18n"
  packages = ["."]
  pruneopts = "UT"
  revision = "e0eb0cef13c5eadc03d6993f3069c72e566004b7"

[[projects]]
  branch = "master"
  digest = "1:f98385a9b77f6cacae716a59c04e6ac374d101466d4369c4e8cc706a39c4bb2e"
  name = "github.com/bradfitz/gomemcache"
  packages = ["memcache"]
  pruneopts = "UT"
  revision = "551aad21a6682b95329c1f5bd62ee5060d64f7e8"

[[projects]]
  digest = "1:865079840386857c809b72ce300be7580cb50d3d3129ce11bf9aa6ca2bc1934a"
  name = "github.com/fatih/color"
  packages = ["."]
  pruneopts = "UT"
  revision = "5b77d2a35fb0ede96d138fc9a99f5c9b6aef11b4"
  version = "v1.7.0"

[[projects]]
  digest = "1:a4b5a6b32f33323c7850fae4ec085a0fbac3be93c057b6b8cef5bcabe24645ac"
  name = "github.com/gin-contrib/sse"
  packages = ["."]
  pruneopts = "UT"
  revision = "5545eab6dad3bbbd6c5ae9186383c2a9d23c0dae"

[[projects]]
  digest = "1:d8bd2a337f6ff2188e08f72c614f2f3f0fd48e6a7b37a071b197e427d77d3a47"
  name = "github.com/gin-gonic/gin"
  packages = [
    ".",
    "binding",
    "internal/json",
    "render",
  ]
  pruneopts = "UT"
  revision = "b75d67cd51eb53c3c3a2fc406524c940021ffbda"
  version = "v1.4.0"

[[projects]]
  branch = "master"
  digest = "1:b6d592cc5dabc94d430c5fd3bf47d79ffb047dfbb35dd38b603c3109d034b44e"
  name = "github.com/go-macaron/cache"
  packages = [
    ".",
    "memcache",
    "redis",
  ]
  pruneopts = "UT"
  revision = "56173531277692bc2925924d51fda1cd0a6b8178"

[[projects]]
  branch = "master"
  digest = "1:bdb17865b13e720add16eaa212872b4306c8521f367c7a7ff2c10cef1e7afdb1"
  name = "github.com/go-macaron/inject"
  packages = ["."]
  pruneopts = "UT"
  revision = "d8a0b8677191f4380287cfebd08e462217bac7ad"

[[projects]]
  digest = "1:0b35acfbf48cb6393830ee75e851369fe080b385b2c4eb174cc5d711b4be1641"
  name = "github.com/go-macaron/session"
  packages = [
    ".",
    "redis",
  ]
  pruneopts = "UT"
  revision = "cdb0ddf74421e2bbc43443789c46540f5235a71a"

[[projects]]
  branch = "master"
  digest = "1:272e9cf3573644ee5eb02122600081d13b24b834138f7ba999ba6d064f876d10"
  name = "github.com/gogs/chardet"
  packages = ["."]
  pruneopts = "UT"
  revision = "2404f777256163ea3eadb273dada5dcb037993c0"

[[projects]]
  branch = "master"
  digest = "1:52d91641555f66914538630d916ebc0f93e612c271ce6a07b6caf7945c7d584a"
  name = "github.com/gogs/go-libravatar"
  packages = ["."]
  pruneopts = "UT"
  revision = "cd1abbd55d09b793672732a7a1dfdaa12a40dfd0"

[[projects]]
  digest = "1:b95247bc0ef36b4fcdd17ae2b0cc8a1d2ce9c701396fb764e2210c2d1ea2b691"
  name = "github.com/gogs/gogs"
  packages = [
    "pkg/bindata",
    "pkg/process",
    "pkg/setting",
    "pkg/tool",
    "pkg/user",
  ]
  pruneopts = "UT"
  revision = "06b6eaba060f8b874a4c2a8c84515b2ea45321d6"
  version = "v0.11.86"

[[projects]]
  branch = "master"
  digest = "1:60b5d9f5d69aaddaea21a1a37a31ef13e062147eed83bfbf72b3fe7c8165b13c"
  name = "github.com/gogs/minwinsvc"
  packages = ["."]
  pruneopts = "UT"
  revision = "95be6356811a6fbd4c2981713236971a3ccbb33a"

[[projects]]
  digest = "1:318f1c959a8a740366fce4b1e1eb2fd914036b4af58fbd0a003349b305f118ad"
  name = "github.com/golang/protobuf"
  packages = ["proto"]
  pruneopts = "UT"
  revision = "c823c79ea1570fb5ff454033735a8e68575d1d0f"
  version = "v1.3.0"

[[projects]]
  digest = "1:f5a2051c55d05548d2d4fd23d244027b59fbd943217df8aa3b5e170ac2fd6e1b"
  name = "github.com/json-iterator/go"
  packages = ["."]
  pruneopts = "UT"
  revision = "0ff49de124c6f76f8494e194af75bde0f1a49a29"
  version = "v1.1.6"

[[projects]]
  digest = "1:c658e84ad3916da105a761660dcaeb01e63416c8ec7bc62256a9b411a05fcd67"
  name = "github.com/mattn/go-colorable"
  packages = ["."]
  pruneopts = "UT"
  revision = "167de6bfdfba052fa6b2d3664c8f5272e23c9072"
  version = "v0.0.9"

[[projects]]
  digest = "1:e150b5fafbd7607e2d638e4e5cf43aa4100124e5593385147b0a74e2733d8b0d"
  name = "github.com/mattn/go-isatty"
  packages = ["."]
  pruneopts = "UT"
  revision = "c2a7a6ca930a4cd0bc33a3f298eb71960732a3a7"
  version = "v0.0.7"

[[projects]]
  digest = "1:d855e2cf43d8f90d870966cf256232b66726771b6fbd8348542e34fc4c3700d5"
  name = "github.com/mcuadros/go-version"
  packages = ["."]
  pruneopts = "UT"
  revision = "257f7b9a7d87427c8d7f89469a5958d57f8abd7c"

[[projects]]
  digest = "1:33422d238f147d247752996a26574ac48dcf472976eda7f5134015f06bf16563"
  name = "github.com/modern-go/concurrent"
  packages = ["."]
  pruneopts = "UT"
  revision = "bacd9c7ef1dd9b15be4a9909b8ac7a4e313eec94"
  version = "1.0.3"

[[projects]]
  digest = "1:e32bdbdb7c377a07a9a46378290059822efdce5c8d96fe71940d87cb4f918855"
  name = "github.com/modern-go/reflect2"
  packages = ["."]
  pruneopts = "UT"
  revision = "4b7aa43c6742a2c18fdef89dd197aaae7dac7ccd"
  version = "1.0.1"

[[projects]]
  digest = "1:d0072748c62defde1ad99dde77f6ffce492a0e5aea9204077e497c7edfb86653"
  name = "github.com/ugorji/go"
  packages = ["codec"]
  pruneopts = "UT"
  revision = "2adff0894ba3bc2eeb9f9aea45fefd49802e1a13"
  version = "v1.1.4"

[[projects]]
  branch = "master"
  digest = "1:f92f6956e4059f6a3efc14924d2dd58ba90da25cc57fe07ae3779ef2f5e0c5f2"
  name = "golang.org/x/crypto"
  packages = ["pbkdf2"]
  pruneopts = "UT"
  revision = "4def268fd1a49955bfb3dda92fe3db4f924f2285"

[[projects]]
  branch = "master"
  digest = "1:eb2cef862077ee84de949fb79fa0364a742b45218d36ca9d6de6b8f52d694013"
  name = "golang.org/x/sys"
  packages = [
    "unix",
    "windows",
    "windows/svc",
  ]
  pruneopts = "UT"
  revision = "fae7ac547cb717d141c433a2a173315e216b64c4"

[[projects]]
  digest = "1:d55e0738476edb61bb4f763f407b80df7243480b84ba46ddeda64e43c26a7136"
  name = "golang.org/x/text"
  packages = [
    "internal/gen",
    "internal/language",
    "internal/language/compact",
    "internal/tag",
    "language",
    "unicode/cldr",
  ]
  pruneopts = "UT"
  revision = "342b2e1fbaa52c93f31447ad2c6abc048c63e475"
  version = "v0.3.2"

[[projects]]
  digest = "1:7cc3d7933457968b045958d40baecf7646fd79d1df860e52491656f720bfc79d"
  name = "gopkg.in/bufio.v1"
  packages = ["."]
  pruneopts = "UT"
  revision = "567b2bfa514e796916c4747494d6ff5132a1dfce"
  version = "v1"

[[projects]]
  digest = "1:ce0d683e17b7c249c081cf4f5e4a54dce8fedf7e72d2b56aa557ee33abe367f0"
  name = "gopkg.in/clog.v1"
  packages = ["."]
  pruneopts = "UT"
  revision = "3bc2eaba5fa35df0338549cc1180dc45f6fc2a16"
  version = "v1.2.0"

[[projects]]
  digest = "1:cbc72c4c4886a918d6ab4b95e347ffe259846260f99ebdd8a198c2331cf2b2e9"
  name = "gopkg.in/go-playground/validator.v8"
  packages = ["."]
  pruneopts = "UT"
  revision = "5f1438d3fca68893a817e4a66806cea46a9e4ebf"
  version = "v8.18.2"

[[projects]]
  digest = "1:a3853ca3f637d5fde9c73d97215d470ce14744c89e020f36cabff355950735d7"
  name = "gopkg.in/ini.v1"
  packages = ["."]
  pruneopts = "UT"
  revision = "cec2bdc49009247305a260b082a18e802d0fe292"

[[projects]]
  digest = "1:3d43a1d68f315a1c4c2cd20ee4d35c96695f17637502366341ac43b7813ea95f"
  name = "gopkg.in/macaron.v1"
  packages = ["."]
  pruneopts = "UT"
  revision = "dfcb80ca86e8534962c62812efd93209c7e600e7"
  version = "v1.3.2"

[[projects]]
  digest = "1:fdb02d4c627442e26b633da43e163eebb0af6a5de68d7d1e1ec98a1209abf1a1"
  name = "gopkg.in/redis.v2"
  packages = ["."]
  pruneopts = "UT"
  revision = "e6179049628164864e6e84e973cfb56335748dea"
  version = "v2.3.2"

[[projects]]
  digest = "1:4d2e5a73dc1500038e504a8d78b986630e3626dc027bc030ba5c75da257cdb96"
  name = "gopkg.in/yaml.v2"
  packages = ["."]
  pruneopts = "UT"
  revision = "51d6538a90f86fe93ac480b35f37b2be17fef232"
  version = "v2.2.2"

[[projects]]
  digest = "1:5d1998b0bc9ea3fd2c2afacb273e5793506acc9241eef5598cfa1945f9518932"
  name = "rsc.io/quote"
  packages = ["."]
  pruneopts = "UT"
  revision = "0406d7298882187f4c75f75fa85cc808a64bcef1"
  version = "v3.1.0"

[[projects]]
  digest = "1:967a8a854773a41db29413f05f14bb9acac7b31342f5dbd90af861d90fb7864d"
  name = "rsc.io/sampler"
  packages = ["."]
  pruneopts = "UT"
  revision = "732a3c400797d8835f2af34a9561f155bef85435"
  version = "v1.99.99"

[solve-meta]
  analyzer-name = "dep"
  analyzer-version = 1
  input-imports = [
    "github.com/gin-gonic/gin",
    "github.com/gogs/gogs/pkg/tool",
    "rsc.io/quote",
  ]
  solver-name = "gps-cdcl"
  solver-version = 1
